PODS:
  - Flutter (1.0.0)
  - nekoton_flutter_webview (0.0.1):
    - Flutter

DEPENDENCIES:
  - Flutter (from `Flutter`)
  - nekoton_flutter_webview (from `.symlinks/plugins/nekoton_flutter_webview/ios`)

EXTERNAL SOURCES:
  Flutter:
    :path: Flutter
  nekoton_flutter_webview:
    :path: ".symlinks/plugins/nekoton_flutter_webview/ios"

SPEC CHECKSUMS:
  Flutter: 434fef37c0980e73bb6479ef766c45957d4b510c
  nekoton_flutter_webview: 6f8c9a3ca12f4c4fa5f472f6d4ea34d599fb7b2b

PODFILE CHECKSUM: aafe91acc616949ddb318b77800a7f51bffa2a4c

COCOAPODS: 1.10.1
